
Microsoft Visual Studio Solution File, Format Version 12.00
# Visual Studio Version 17
VisualStudioVersion = 17.0.31903.59
MinimumVisualStudioVersion = 10.0.40219.1
Project("{FAE04EC0-301F-11D3-BF4B-00C04F79EFBC}") = "VendorRisk.Api", "src\VendorRisk.Api\VendorRisk.Api.csproj", "{A0B15AC6-08C3-408F-8EFF-FA1A5C8353A4}"
EndProject
Project("{FAE04EC0-301F-11D3-BF4B-00C04F79EFBC}") = "VendorRisk.Application", "src\VendorRisk.Application\VendorRisk.Application.csproj", "{8E718B14-E69D-491E-9B08-1D861F272EDC}"
EndProject
Project("{FAE04EC0-301F-11D3-BF4B-00C04F79EFBC}") = "VendorRisk.Domain", "src\VendorRisk.Domain\VendorRisk.Domain.csproj", "{F2FD3096-3243-4E32-BFA6-11E5C1929F41}"
EndProject
Project("{FAE04EC0-301F-11D3-BF4B-00C04F79EFBC}") = "VendorRisk.Infrastructure", "src\VendorRisk.Infrastructure\VendorRisk.Infrastructure.csproj", "{567D959D-A87B-48B6-A929-4557E7430D7B}"
EndProject
Project("{FAE04EC0-301F-11D3-BF4B-00C04F79EFBC}") = "VendorRisk.Tests", "src\VendorRisk.Tests\VendorRisk.Tests.csproj", "{6C51A63A-5423-43F4-A2CF-44700DC5EBAD}"
EndProject
Global
	GlobalSection(SolutionConfigurationPlatforms) = preSolution
		Debug|Any CPU = Debug|Any CPU
		Release|Any CPU = Release|Any CPU
	EndGlobalSection
	GlobalSection(ProjectConfigurationPlatforms) = postSolution
		{A0B15AC6-08C3-408F-8EFF-FA1A5C8353A4}.Debug|Any CPU.ActiveCfg = Debug|Any CPU
		{A0B15AC6-08C3-408F-8EFF-FA1A5C8353A4}.Debug|Any CPU.Build.0 = Debug|Any CPU
		{A0B15AC6-08C3-408F-8EFF-FA1A5C8353A4}.Release|Any CPU.ActiveCfg = Release|Any CPU
		{A0B15AC6-08C3-408F-8EFF-FA1A5C8353A4}.Release|Any CPU.Build.0 = Release|Any CPU
		{8E718B14-E69D-491E-9B08-1D861F272EDC}.Debug|Any CPU.ActiveCfg = Debug|Any CPU
		{8E718B14-E69D-491E-9B08-1D861F272EDC}.Debug|Any CPU.Build.0 = Debug|Any CPU
		{8E718B14-E69D-491E-9B08-1D861F272EDC}.Release|Any CPU.ActiveCfg = Release|Any CPU
		{8E718B14-E69D-491E-9B08-1D861F272EDC}.Release|Any CPU.Build.0 = Release|Any CPU
		{F2FD3096-3243-4E32-BFA6-11E5C1929F41}.Debug|Any CPU.ActiveCfg = Debug|Any CPU
		{F2FD3096-3243-4E32-BFA6-11E5C1929F41}.Debug|Any CPU.Build.0 = Debug|Any CPU
		{F2FD3096-3243-4E32-BFA6-11E5C1929F41}.Release|Any CPU.ActiveCfg = Release|Any CPU
		{F2FD3096-3243-4E32-BFA6-11E5C1929F41}.Release|Any CPU.Build.0 = Release|Any CPU
		{567D959D-A87B-48B6-A929-4557E7430D7B}.Debug|Any CPU.ActiveCfg = Debug|Any CPU
		{567D959D-A87B-48B6-A929-4557E7430D7B}.Debug|Any CPU.Build.0 = Debug|Any CPU
		{567D959D-A87B-48B6-A929-4557E7430D7B}.Release|Any CPU.ActiveCfg = Release|Any CPU
		{567D959D-A87B-48B6-A929-4557E7430D7B}.Release|Any CPU.Build.0 = Release|Any CPU
		{6C51A63A-5423-43F4-A2CF-44700DC5EBAD}.Debug|Any CPU.ActiveCfg = Debug|Any CPU
		{6C51A63A-5423-43F4-A2CF-44700DC5EBAD}.Debug|Any CPU.Build.0 = Debug|Any CPU
		{6C51A63A-5423-43F4-A2CF-44700DC5EBAD}.Release|Any CPU.ActiveCfg = Release|Any CPU
		{6C51A63A-5423-43F4-A2CF-44700DC5EBAD}.Release|Any CPU.Build.0 = Release|Any CPU
	EndGlobalSection
	GlobalSection(SolutionProperties) = preSolution
		HideSolutionNode = FALSE
	EndGlobalSection
	GlobalSection(ExtensibilityGlobals) = postSolution
		SolutionGuid = {5CCB38AC-5F6E-4D5E-8F4B-650A7EA047CC}
	EndGlobalSection
EndGlobal
